
Microsoft Visual Studio Solution File, Format Version 12.00
# Visual Studio Version 17
VisualStudioVersion = 17.9.34728.123
MinimumVisualStudioVersion = 10.0.40219.1
Project("{FAE04EC0-301F-11D3-BF4B-00C04F79EFBC}") = "Twindows", "Twindows\Twindows.csproj", "{DC5FF81B-387A-46EC-B06D-5C54E563D061}"
EndProject
Global
	GlobalSection(SolutionConfigurationPlatforms) = preSolution
		Debug|Any CPU = Debug|Any CPU
		Release|Any CPU = Release|Any CPU
	EndGlobalSection
	GlobalSection(ProjectConfigurationPlatforms) = postSolution
		{DC5FF81B-387A-46EC-B06D-5C54E563D061}.Debug|Any CPU.ActiveCfg = Debug|Any CPU
		{DC5FF81B-387A-46EC-B06D-5C54E563D061}.Debug|Any CPU.Build.0 = Debug|Any CPU
		{DC5FF81B-387A-46EC-B06D-5C54E563D061}.Release|Any CPU.ActiveCfg = Release|Any CPU
		{DC5FF81B-387A-46EC-B06D-5C54E563D061}.Release|Any CPU.Build.0 = Release|Any CPU
	EndGlobalSection
	GlobalSection(SolutionProperties) = preSolution
		HideSolutionNode = FALSE
	EndGlobalSection
	GlobalSection(ExtensibilityGlobals) = postSolution
		SolutionGuid = {29442824-6A68-457E-AE9E-E61CDF771E31}
	EndGlobalSection
EndGlobal
